// !$*UTF8*$!
{
	archiveVersion = 1;
	classes = {
	};
	objectVersion = 56;
	objects = {

/* Begin PBXBuildFile section */
		CA4502212B7B129600627B4A /* CustomTextfield2.swift in Sources */ = {isa = PBXBuildFile; fileRef = CA4502202B7B129600627B4A /* CustomTextfield2.swift */; };
		CA533D932B758597005BD062 /* Background2.png in Resources */ = {isa = PBXBuildFile; fileRef = CA533D922B758596005BD062 /* Background2.png */; };
		CA533D9B2B75A774005BD062 /* CustomTextField.swift in Sources */ = {isa = PBXBuildFile; fileRef = CA533D9A2B75A774005BD062 /* CustomTextField.swift */; };
		CA623A322B54EA5C0009CDEB /* WalletWizardApp.swift in Sources */ = {isa = PBXBuildFile; fileRef = CA623A312B54EA5C0009CDEB /* WalletWizardApp.swift */; };
		CA623A392B54EA5D0009CDEB /* Preview Assets.xcassets in Resources */ = {isa = PBXBuildFile; fileRef = CA623A382B54EA5D0009CDEB /* Preview Assets.xcassets */; };
		CA623A452B54ECDD0009CDEB /* PhoneNumberKit in Frameworks */ = {isa = PBXBuildFile; productRef = CA623A442B54ECDD0009CDEB /* PhoneNumberKit */; };
		CA623A472B54ECDD0009CDEB /* PhoneNumberKit-Dynamic in Frameworks */ = {isa = PBXBuildFile; productRef = CA623A462B54ECDD0009CDEB /* PhoneNumberKit-Dynamic */; };
		CA623A492B54ECDD0009CDEB /* PhoneNumberKit-Static in Frameworks */ = {isa = PBXBuildFile; productRef = CA623A482B54ECDD0009CDEB /* PhoneNumberKit-Static */; };
		CA623A772B572AF20009CDEB /* LaunchScreenView.swift in Sources */ = {isa = PBXBuildFile; fileRef = CA623A762B572AF20009CDEB /* LaunchScreenView.swift */; };
		CA623A7B2B58582B0009CDEB /* LaunchScreenManager.swift in Sources */ = {isa = PBXBuildFile; fileRef = CA623A7A2B58582B0009CDEB /* LaunchScreenManager.swift */; };
		CA623A7D2B5890E70009CDEB /* logo.png in Resources */ = {isa = PBXBuildFile; fileRef = CA623A7C2B5890E70009CDEB /* logo.png */; };
		CA623A802B58958F0009CDEB /* Salsa-Regular.ttf in Resources */ = {isa = PBXBuildFile; fileRef = CA623A7F2B58958F0009CDEB /* Salsa-Regular.ttf */; };
		CA623A822B58A82A0009CDEB /* slogan.png in Resources */ = {isa = PBXBuildFile; fileRef = CA623A812B58A82A0009CDEB /* slogan.png */; };
		CA623A842B59FB650009CDEB /* README.txt in Resources */ = {isa = PBXBuildFile; fileRef = CA623A832B59FB650009CDEB /* README.txt */; };
		CA623A862B5F3B5F0009CDEB /* LoginView.swift in Sources */ = {isa = PBXBuildFile; fileRef = CA623A852B5F3B5F0009CDEB /* LoginView.swift */; };
		CA623A8A2B5F3ECA0009CDEB /* VerificationView.swift in Sources */ = {isa = PBXBuildFile; fileRef = CA623A892B5F3ECA0009CDEB /* VerificationView.swift */; };
		CA623A8C2B5F40AB0009CDEB /* HomeView.swift in Sources */ = {isa = PBXBuildFile; fileRef = CA623A8B2B5F40AB0009CDEB /* HomeView.swift */; };
		CA623A8E2B5F9AD40009CDEB /* Api (4).swift in Sources */ = {isa = PBXBuildFile; fileRef = CA623A8D2B5F9AD40009CDEB /* Api (4).swift */; };
		CA623A922B61ABE70009CDEB /* Frame.png in Resources */ = {isa = PBXBuildFile; fileRef = CA623A912B61ABE70009CDEB /* Frame.png */; };
		CA623A952B6607E70009CDEB /* UserModel.swift in Sources */ = {isa = PBXBuildFile; fileRef = CA623A942B6607E70009CDEB /* UserModel.swift */; };
		CA623A972B6607FD0009CDEB /* LoadingView.swift in Sources */ = {isa = PBXBuildFile; fileRef = CA623A962B6607FD0009CDEB /* LoadingView.swift */; };
		CA623A992B69AF770009CDEB /* SettingsView.swift in Sources */ = {isa = PBXBuildFile; fileRef = CA623A982B69AF770009CDEB /* SettingsView.swift */; };
		CA9412802B6AE8F6005EA156 /* Assets.xcassets in Resources */ = {isa = PBXBuildFile; fileRef = CA94127F2B6AE8F6005EA156 /* Assets.xcassets */; };
		CA9412862B6AEA3A005EA156 /* User.png in Resources */ = {isa = PBXBuildFile; fileRef = CA9412852B6AEA3A005EA156 /* User.png */; };
		CA94128F2B742F02005EA156 /* AddAccountView.swift in Sources */ = {isa = PBXBuildFile; fileRef = CA94128E2B742F02005EA156 /* AddAccountView.swift */; };
		CA9412932B74329E005EA156 /* AccountDetailView.swift in Sources */ = {isa = PBXBuildFile; fileRef = CA9412922B74329E005EA156 /* AccountDetailView.swift */; };
		CA9412952B743A5F005EA156 /* TransferView.swift in Sources */ = {isa = PBXBuildFile; fileRef = CA9412942B743A5F005EA156 /* TransferView.swift */; };
/* End PBXBuildFile section */

/* Begin PBXFileReference section */
		CA4502202B7B129600627B4A /* CustomTextfield2.swift */ = {isa = PBXFileReference; lastKnownFileType = sourcecode.swift; path = CustomTextfield2.swift; sourceTree = "<group>"; };
		CA533D922B758596005BD062 /* Background2.png */ = {isa = PBXFileReference; lastKnownFileType = image.png; path = Background2.png; sourceTree = "<group>"; };
		CA533D9A2B75A774005BD062 /* CustomTextField.swift */ = {isa = PBXFileReference; lastKnownFileType = sourcecode.swift; path = CustomTextField.swift; sourceTree = "<group>"; };
		CA623A2E2B54EA5C0009CDEB /* WalletWizard.app */ = {isa = PBXFileReference; explicitFileType = wrapper.application; includeInIndex = 0; path = WalletWizard.app; sourceTree = BUILT_PRODUCTS_DIR; };
		CA623A312B54EA5C0009CDEB /* WalletWizardApp.swift */ = {isa = PBXFileReference; lastKnownFileType = sourcecode.swift; path = WalletWizardApp.swift; sourceTree = "<group>"; };
		CA623A382B54EA5D0009CDEB /* Preview Assets.xcassets */ = {isa = PBXFileReference; lastKnownFileType = folder.assetcatalog; path = "Preview Assets.xcassets"; sourceTree = "<group>"; };
		CA623A752B5726840009CDEB /* Info.plist */ = {isa = PBXFileReference; lastKnownFileType = text.plist; path = Info.plist; sourceTree = "<group>"; };
		CA623A762B572AF20009CDEB /* LaunchScreenView.swift */ = {isa = PBXFileReference; lastKnownFileType = sourcecode.swift; path = LaunchScreenView.swift; sourceTree = "<group>"; };
		CA623A7A2B58582B0009CDEB /* LaunchScreenManager.swift */ = {isa = PBXFileReference; lastKnownFileType = sourcecode.swift; path = LaunchScreenManager.swift; sourceTree = "<group>"; };
		CA623A7C2B5890E70009CDEB /* logo.png */ = {isa = PBXFileReference; lastKnownFileType = image.png; path = logo.png; sourceTree = "<group>"; };
		CA623A7F2B58958F0009CDEB /* Salsa-Regular.ttf */ = {isa = PBXFileReference; lastKnownFileType = file; path = "Salsa-Regular.ttf"; sourceTree = "<group>"; };
		CA623A812B58A82A0009CDEB /* slogan.png */ = {isa = PBXFileReference; lastKnownFileType = image.png; path = slogan.png; sourceTree = "<group>"; };
		CA623A832B59FB650009CDEB /* README.txt */ = {isa = PBXFileReference; lastKnownFileType = text; path = README.txt; sourceTree = "<group>"; };
		CA623A852B5F3B5F0009CDEB /* LoginView.swift */ = {isa = PBXFileReference; lastKnownFileType = sourcecode.swift; path = LoginView.swift; sourceTree = "<group>"; };
		CA623A892B5F3ECA0009CDEB /* VerificationView.swift */ = {isa = PBXFileReference; lastKnownFileType = sourcecode.swift; path = VerificationView.swift; sourceTree = "<group>"; };
		CA623A8B2B5F40AB0009CDEB /* HomeView.swift */ = {isa = PBXFileReference; lastKnownFileType = sourcecode.swift; path = HomeView.swift; sourceTree = "<group>"; };
		CA623A8D2B5F9AD40009CDEB /* Api (4).swift */ = {isa = PBXFileReference; fileEncoding = 4; lastKnownFileType = sourcecode.swift; path = "Api (4).swift"; sourceTree = "<group>"; };
		CA623A912B61ABE70009CDEB /* Frame.png */ = {isa = PBXFileReference; lastKnownFileType = image.png; path = Frame.png; sourceTree = "<group>"; };
		CA623A942B6607E70009CDEB /* UserModel.swift */ = {isa = PBXFileReference; lastKnownFileType = sourcecode.swift; path = UserModel.swift; sourceTree = "<group>"; };
		CA623A962B6607FD0009CDEB /* LoadingView.swift */ = {isa = PBXFileReference; lastKnownFileType = sourcecode.swift; path = LoadingView.swift; sourceTree = "<group>"; };
		CA623A982B69AF770009CDEB /* SettingsView.swift */ = {isa = PBXFileReference; lastKnownFileType = sourcecode.swift; path = SettingsView.swift; sourceTree = "<group>"; };
		CA94127F2B6AE8F6005EA156 /* Assets.xcassets */ = {isa = PBXFileReference; lastKnownFileType = folder.assetcatalog; path = Assets.xcassets; sourceTree = "<group>"; };
		CA9412852B6AEA3A005EA156 /* User.png */ = {isa = PBXFileReference; lastKnownFileType = image.png; path = User.png; sourceTree = "<group>"; };
		CA94128E2B742F02005EA156 /* AddAccountView.swift */ = {isa = PBXFileReference; lastKnownFileType = sourcecode.swift; path = AddAccountView.swift; sourceTree = "<group>"; };
		CA9412922B74329E005EA156 /* AccountDetailView.swift */ = {isa = PBXFileReference; lastKnownFileType = sourcecode.swift; path = AccountDetailView.swift; sourceTree = "<group>"; };
		CA9412942B743A5F005EA156 /* TransferView.swift */ = {isa = PBXFileReference; lastKnownFileType = sourcecode.swift; path = TransferView.swift; sourceTree = "<group>"; };
/* End PBXFileReference section */

/* Begin PBXFrameworksBuildPhase section */
		CA623A2B2B54EA5C0009CDEB /* Frameworks */ = {
			isa = PBXFrameworksBuildPhase;
			buildActionMask = 2147483647;
			files = (
				CA623A452B54ECDD0009CDEB /* PhoneNumberKit in Frameworks */,
				CA623A472B54ECDD0009CDEB /* PhoneNumberKit-Dynamic in Frameworks */,
				CA623A492B54ECDD0009CDEB /* PhoneNumberKit-Static in Frameworks */,
			);
			runOnlyForDeploymentPostprocessing = 0;
		};
/* End PBXFrameworksBuildPhase section */

/* Begin PBXGroup section */
		CA623A252B54EA5C0009CDEB = {
			isa = PBXGroup;
			children = (
				CA623A832B59FB650009CDEB /* README.txt */,
				CA623A302B54EA5C0009CDEB /* WalletWizard */,
				CA623A2F2B54EA5C0009CDEB /* Products */,
			);
			sourceTree = "<group>";
		};
		CA623A2F2B54EA5C0009CDEB /* Products */ = {
			isa = PBXGroup;
			children = (
				CA623A2E2B54EA5C0009CDEB /* WalletWizard.app */,
			);
			name = Products;
			sourceTree = "<group>";
		};
		CA623A302B54EA5C0009CDEB /* WalletWizard */ = {
			isa = PBXGroup;
			children = (
				CA623A932B6607D30009CDEB /* Model */,
				CA623A402B54EA870009CDEB /* App */,
				CA623A3F2B54EA720009CDEB /* View */,
				CA623A372B54EA5D0009CDEB /* Preview Content */,
				CA623A722B571E620009CDEB /* Assets */,
				CA94127F2B6AE8F6005EA156 /* Assets.xcassets */,
				CA623A7E2B58957E0009CDEB /* Font */,
				CA623A752B5726840009CDEB /* Info.plist */,
				CA623A8D2B5F9AD40009CDEB /* Api (4).swift */,
			);
			path = WalletWizard;
			sourceTree = "<group>";
		};
		CA623A372B54EA5D0009CDEB /* Preview Content */ = {
			isa = PBXGroup;
			children = (
				CA623A382B54EA5D0009CDEB /* Preview Assets.xcassets */,
			);
			path = "Preview Content";
			sourceTree = "<group>";
		};
		CA623A3F2B54EA720009CDEB /* View */ = {
			isa = PBXGroup;
			children = (
				CA623A852B5F3B5F0009CDEB /* LoginView.swift */,
				CA623A762B572AF20009CDEB /* LaunchScreenView.swift */,
				CA623A7A2B58582B0009CDEB /* LaunchScreenManager.swift */,
				CA623A8B2B5F40AB0009CDEB /* HomeView.swift */,
				CA623A962B6607FD0009CDEB /* LoadingView.swift */,
				CA623A892B5F3ECA0009CDEB /* VerificationView.swift */,
				CA623A982B69AF770009CDEB /* SettingsView.swift */,
				CA94128E2B742F02005EA156 /* AddAccountView.swift */,
				CA9412922B74329E005EA156 /* AccountDetailView.swift */,
				CA9412942B743A5F005EA156 /* TransferView.swift */,
				CA533D9A2B75A774005BD062 /* CustomTextField.swift */,
				CA4502202B7B129600627B4A /* CustomTextfield2.swift */,
			);
			path = View;
			sourceTree = "<group>";
		};
		CA623A402B54EA870009CDEB /* App */ = {
			isa = PBXGroup;
			children = (
				CA623A312B54EA5C0009CDEB /* WalletWizardApp.swift */,
			);
			path = App;
			sourceTree = "<group>";
		};
		CA623A722B571E620009CDEB /* Assets */ = {
			isa = PBXGroup;
			children = (
				CA9412852B6AEA3A005EA156 /* User.png */,
				CA533D922B758596005BD062 /* Background2.png */,
				CA623A912B61ABE70009CDEB /* Frame.png */,
				CA623A7C2B5890E70009CDEB /* logo.png */,
				CA623A812B58A82A0009CDEB /* slogan.png */,
			);
			path = Assets;
			sourceTree = "<group>";
		};
		CA623A7E2B58957E0009CDEB /* Font */ = {
			isa = PBXGroup;
			children = (
				CA623A7F2B58958F0009CDEB /* Salsa-Regular.ttf */,
			);
			path = Font;
			sourceTree = "<group>";
		};
		CA623A932B6607D30009CDEB /* Model */ = {
			isa = PBXGroup;
			children = (
				CA623A942B6607E70009CDEB /* UserModel.swift */,
			);
			path = Model;
			sourceTree = "<group>";
		};
/* End PBXGroup section */

/* Begin PBXNativeTarget section */
		CA623A2D2B54EA5C0009CDEB /* WalletWizard */ = {
			isa = PBXNativeTarget;
			buildConfigurationList = CA623A3C2B54EA5D0009CDEB /* Build configuration list for PBXNativeTarget "WalletWizard" */;
			buildPhases = (
				CA623A2A2B54EA5C0009CDEB /* Sources */,
				CA623A2B2B54EA5C0009CDEB /* Frameworks */,
				CA623A2C2B54EA5C0009CDEB /* Resources */,
			);
			buildRules = (
			);
			dependencies = (
			);
			name = WalletWizard;
			packageProductDependencies = (
				CA623A442B54ECDD0009CDEB /* PhoneNumberKit */,
				CA623A462B54ECDD0009CDEB /* PhoneNumberKit-Dynamic */,
				CA623A482B54ECDD0009CDEB /* PhoneNumberKit-Static */,
			);
			productName = WalletWizard;
			productReference = CA623A2E2B54EA5C0009CDEB /* WalletWizard.app */;
			productType = "com.apple.product-type.application";
		};
/* End PBXNativeTarget section */

/* Begin PBXProject section */
		CA623A262B54EA5C0009CDEB /* Project object */ = {
			isa = PBXProject;
			attributes = {
				BuildIndependentTargetsInParallel = 1;
				LastSwiftUpdateCheck = 1520;
				LastUpgradeCheck = 1520;
				TargetAttributes = {
					CA623A2D2B54EA5C0009CDEB = {
						CreatedOnToolsVersion = 15.2;
					};
				};
			};
			buildConfigurationList = CA623A292B54EA5C0009CDEB /* Build configuration list for PBXProject "WalletWizard" */;
			compatibilityVersion = "Xcode 14.0";
			developmentRegion = en;
			hasScannedForEncodings = 0;
			knownRegions = (
				en,
				Base,
			);
			mainGroup = CA623A252B54EA5C0009CDEB;
			packageReferences = (
				CA623A432B54ECDD0009CDEB /* XCRemoteSwiftPackageReference "PhoneNumberKit" */,
			);
			productRefGroup = CA623A2F2B54EA5C0009CDEB /* Products */;
			projectDirPath = "";
			projectRoot = "";
			targets = (
				CA623A2D2B54EA5C0009CDEB /* WalletWizard */,
			);
		};
/* End PBXProject section */

/* Begin PBXResourcesBuildPhase section */
		CA623A2C2B54EA5C0009CDEB /* Resources */ = {
			isa = PBXResourcesBuildPhase;
			buildActionMask = 2147483647;
			files = (
				CA533D932B758597005BD062 /* Background2.png in Resources */,
				CA623A922B61ABE70009CDEB /* Frame.png in Resources */,
				CA623A802B58958F0009CDEB /* Salsa-Regular.ttf in Resources */,
				CA9412862B6AEA3A005EA156 /* User.png in Resources */,
				CA623A392B54EA5D0009CDEB /* Preview Assets.xcassets in Resources */,
				CA623A7D2B5890E70009CDEB /* logo.png in Resources */,
				CA623A842B59FB650009CDEB /* README.txt in Resources */,
				CA9412802B6AE8F6005EA156 /* Assets.xcassets in Resources */,
				CA623A822B58A82A0009CDEB /* slogan.png in Resources */,
			);
			runOnlyForDeploymentPostprocessing = 0;
		};
/* End PBXResourcesBuildPhase section */

/* Begin PBXSourcesBuildPhase section */
		CA623A2A2B54EA5C0009CDEB /* Sources */ = {
			isa = PBXSourcesBuildPhase;
			buildActionMask = 2147483647;
			files = (
				CA533D9B2B75A774005BD062 /* CustomTextField.swift in Sources */,
				CA623A322B54EA5C0009CDEB /* WalletWizardApp.swift in Sources */,
				CA623A8C2B5F40AB0009CDEB /* HomeView.swift in Sources */,
				CA623A952B6607E70009CDEB /* UserModel.swift in Sources */,
				CA623A8E2B5F9AD40009CDEB /* Api (4).swift in Sources */,
				CA623A7B2B58582B0009CDEB /* LaunchScreenManager.swift in Sources */,
				CA623A992B69AF770009CDEB /* SettingsView.swift in Sources */,
				CA623A862B5F3B5F0009CDEB /* LoginView.swift in Sources */,
				CA623A8A2B5F3ECA0009CDEB /* VerificationView.swift in Sources */,
				CA623A772B572AF20009CDEB /* LaunchScreenView.swift in Sources */,
				CA4502212B7B129600627B4A /* CustomTextfield2.swift in Sources */,
				CA9412952B743A5F005EA156 /* TransferView.swift in Sources */,
				CA9412932B74329E005EA156 /* AccountDetailView.swift in Sources */,
				CA623A972B6607FD0009CDEB /* LoadingView.swift in Sources */,
				CA94128F2B742F02005EA156 /* AddAccountView.swift in Sources */,
			);
			runOnlyForDeploymentPostprocessing = 0;
		};
/* End PBXSourcesBuildPhase section */

/* Begin XCBuildConfiguration section */
		CA623A3A2B54EA5D0009CDEB /* Debug */ = {
			isa = XCBuildConfiguration;
			buildSettings = {
				ALWAYS_SEARCH_USER_PATHS = NO;
				ASSETCATALOG_COMPILER_GENERATE_SWIFT_ASSET_SYMBOL_EXTENSIONS = YES;
				CLANG_ANALYZER_NONNULL = YES;
				CLANG_ANALYZER_NUMBER_OBJECT_CONVERSION = YES_AGGRESSIVE;
				CLANG_CXX_LANGUAGE_STANDARD = "gnu++20";
				CLANG_ENABLE_MODULES = YES;
				CLANG_ENABLE_OBJC_ARC = YES;
				CLANG_ENABLE_OBJC_WEAK = YES;
				CLANG_WARN_BLOCK_CAPTURE_AUTORELEASING = YES;
				CLANG_WARN_BOOL_CONVERSION = YES;
				CLANG_WARN_COMMA = YES;
				CLANG_WARN_CONSTANT_CONVERSION = YES;
				CLANG_WARN_DEPRECATED_OBJC_IMPLEMENTATIONS = YES;
				CLANG_WARN_DIRECT_OBJC_ISA_USAGE = YES_ERROR;
				CLANG_WARN_DOCUMENTATION_COMMENTS = YES;
				CLANG_WARN_EMPTY_BODY = YES;
				CLANG_WARN_ENUM_CONVERSION = YES;
				CLANG_WARN_INFINITE_RECURSION = YES;
				CLANG_WARN_INT_CONVERSION = YES;
				CLANG_WARN_NON_LITERAL_NULL_CONVERSION = YES;
				CLANG_WARN_OBJC_IMPLICIT_RETAIN_SELF = YES;
				CLANG_WARN_OBJC_LITERAL_CONVERSION = YES;
				CLANG_WARN_OBJC_ROOT_CLASS = YES_ERROR;
				CLANG_WARN_QUOTED_INCLUDE_IN_FRAMEWORK_HEADER = YES;
				CLANG_WARN_RANGE_LOOP_ANALYSIS = YES;
				CLANG_WARN_STRICT_PROTOTYPES = YES;
				CLANG_WARN_SUSPICIOUS_MOVE = YES;
				CLANG_WARN_UNGUARDED_AVAILABILITY = YES_AGGRESSIVE;
				CLANG_WARN_UNREACHABLE_CODE = YES;
				CLANG_WARN__DUPLICATE_METHOD_MATCH = YES;
				COPY_PHASE_STRIP = NO;
				DEBUG_INFORMATION_FORMAT = dwarf;
				ENABLE_STRICT_OBJC_MSGSEND = YES;
				ENABLE_TESTABILITY = YES;
				ENABLE_USER_SCRIPT_SANDBOXING = YES;
				GCC_C_LANGUAGE_STANDARD = gnu17;
				GCC_DYNAMIC_NO_PIC = NO;
				GCC_NO_COMMON_BLOCKS = YES;
				GCC_OPTIMIZATION_LEVEL = 0;
				GCC_PREPROCESSOR_DEFINITIONS = (
					"DEBUG=1",
					"$(inherited)",
				);
				GCC_WARN_64_TO_32_BIT_CONVERSION = YES;
				GCC_WARN_ABOUT_RETURN_TYPE = YES_ERROR;
				GCC_WARN_UNDECLARED_SELECTOR = YES;
				GCC_WARN_UNINITIALIZED_AUTOS = YES_AGGRESSIVE;
				GCC_WARN_UNUSED_FUNCTION = YES;
				GCC_WARN_UNUSED_VARIABLE = YES;
				IPHONEOS_DEPLOYMENT_TARGET = 17.2;
				LOCALIZATION_PREFERS_STRING_CATALOGS = YES;
				MTL_ENABLE_DEBUG_INFO = INCLUDE_SOURCE;
				MTL_FAST_MATH = YES;
				ONLY_ACTIVE_ARCH = YES;
				SDKROOT = iphoneos;
				SWIFT_ACTIVE_COMPILATION_CONDITIONS = "DEBUG $(inherited)";
				SWIFT_OPTIMIZATION_LEVEL = "-Onone";
			};
			name = Debug;
		};
		CA623A3B2B54EA5D0009CDEB /* Release */ = {
			isa = XCBuildConfiguration;
			buildSettings = {
				ALWAYS_SEARCH_USER_PATHS = NO;
				ASSETCATALOG_COMPILER_GENERATE_SWIFT_ASSET_SYMBOL_EXTENSIONS = YES;
				CLANG_ANALYZER_NONNULL = YES;
				CLANG_ANALYZER_NUMBER_OBJECT_CONVERSION = YES_AGGRESSIVE;
				CLANG_CXX_LANGUAGE_STANDARD = "gnu++20";
				CLANG_ENABLE_MODULES = YES;
				CLANG_ENABLE_OBJC_ARC = YES;
				CLANG_ENABLE_OBJC_WEAK = YES;
				CLANG_WARN_BLOCK_CAPTURE_AUTORELEASING = YES;
				CLANG_WARN_BOOL_CONVERSION = YES;
				CLANG_WARN_COMMA = YES;
				CLANG_WARN_CONSTANT_CONVERSION = YES;
				CLANG_WARN_DEPRECATED_OBJC_IMPLEMENTATIONS = YES;
				CLANG_WARN_DIRECT_OBJC_ISA_USAGE = YES_ERROR;
				CLANG_WARN_DOCUMENTATION_COMMENTS = YES;
				CLANG_WARN_EMPTY_BODY = YES;
				CLANG_WARN_ENUM_CONVERSION = YES;
				CLANG_WARN_INFINITE_RECURSION = YES;
				CLANG_WARN_INT_CONVERSION = YES;
				CLANG_WARN_NON_LITERAL_NULL_CONVERSION = YES;
				CLANG_WARN_OBJC_IMPLICIT_RETAIN_SELF = YES;
				CLANG_WARN_OBJC_LITERAL_CONVERSION = YES;
				CLANG_WARN_OBJC_ROOT_CLASS = YES_ERROR;
				CLANG_WARN_QUOTED_INCLUDE_IN_FRAMEWORK_HEADER = YES;
				CLANG_WARN_RANGE_LOOP_ANALYSIS = YES;
				CLANG_WARN_STRICT_PROTOTYPES = YES;
				CLANG_WARN_SUSPICIOUS_MOVE = YES;
				CLANG_WARN_UNGUARDED_AVAILABILITY = YES_AGGRESSIVE;
				CLANG_WARN_UNREACHABLE_CODE = YES;
				CLANG_WARN__DUPLICATE_METHOD_MATCH = YES;
				COPY_PHASE_STRIP = NO;
				DEBUG_INFORMATION_FORMAT = "dwarf-with-dsym";
				ENABLE_NS_ASSERTIONS = NO;
				ENABLE_STRICT_OBJC_MSGSEND = YES;
				ENABLE_USER_SCRIPT_SANDBOXING = YES;
				GCC_C_LANGUAGE_STANDARD = gnu17;
				GCC_NO_COMMON_BLOCKS = YES;
				GCC_WARN_64_TO_32_BIT_CONVERSION = YES;
				GCC_WARN_ABOUT_RETURN_TYPE = YES_ERROR;
				GCC_WARN_UNDECLARED_SELECTOR = YES;
				GCC_WARN_UNINITIALIZED_AUTOS = YES_AGGRESSIVE;
				GCC_WARN_UNUSED_FUNCTION = YES;
				GCC_WARN_UNUSED_VARIABLE = YES;
				IPHONEOS_DEPLOYMENT_TARGET = 17.2;
				LOCALIZATION_PREFERS_STRING_CATALOGS = YES;
				MTL_ENABLE_DEBUG_INFO = NO;
				MTL_FAST_MATH = YES;
				SDKROOT = iphoneos;
				SWIFT_COMPILATION_MODE = wholemodule;
				VALIDATE_PRODUCT = YES;
			};
			name = Release;
		};
		CA623A3D2B54EA5D0009CDEB /* Debug */ = {
			isa = XCBuildConfiguration;
			buildSettings = {
				ASSETCATALOG_COMPILER_APPICON_NAME = AppIcon;
				ASSETCATALOG_COMPILER_GLOBAL_ACCENT_COLOR_NAME = AccentColor;
				CODE_SIGN_STYLE = Automatic;
				CURRENT_PROJECT_VERSION = 1;
				DEVELOPMENT_ASSET_PATHS = "\"WalletWizard/Preview Content\"";
				DEVELOPMENT_TEAM = 7UGX3MVTL4;
				ENABLE_PREVIEWS = YES;
				GENERATE_INFOPLIST_FILE = YES;
				INFOPLIST_FILE = WalletWizard/Info.plist;
				INFOPLIST_KEY_UIApplicationSceneManifest_Generation = YES;
				INFOPLIST_KEY_UIApplicationSupportsIndirectInputEvents = YES;
				INFOPLIST_KEY_UISupportedInterfaceOrientations_iPad = "UIInterfaceOrientationPortrait UIInterfaceOrientationPortraitUpsideDown UIInterfaceOrientationLandscapeLeft UIInterfaceOrientationLandscapeRight";
				INFOPLIST_KEY_UISupportedInterfaceOrientations_iPhone = "UIInterfaceOrientationPortrait UIInterfaceOrientationLandscapeLeft UIInterfaceOrientationLandscapeRight";
				LD_RUNPATH_SEARCH_PATHS = (
					"$(inherited)",
					"@executable_path/Frameworks",
				);
				MARKETING_VERSION = 1.0;
				PRODUCT_BUNDLE_IDENTIFIER = "C--.WalletWizard";
				PRODUCT_NAME = "$(TARGET_NAME)";
				SWIFT_EMIT_LOC_STRINGS = YES;
				SWIFT_VERSION = 5.0;
				TARGETED_DEVICE_FAMILY = "1,2";
			};
			name = Debug;
		};
		CA623A3E2B54EA5D0009CDEB /* Release */ = {
			isa = XCBuildConfiguration;
			buildSettings = {
				ASSETCATALOG_COMPILER_APPICON_NAME = AppIcon;
				ASSETCATALOG_COMPILER_GLOBAL_ACCENT_COLOR_NAME = AccentColor;
				CODE_SIGN_STYLE = Automatic;
				CURRENT_PROJECT_VERSION = 1;
				DEVELOPMENT_ASSET_PATHS = "\"WalletWizard/Preview Content\"";
				DEVELOPMENT_TEAM = 7UGX3MVTL4;
				ENABLE_PREVIEWS = YES;
				GENERATE_INFOPLIST_FILE = YES;
				INFOPLIST_FILE = WalletWizard/Info.plist;
				INFOPLIST_KEY_UIApplicationSceneManifest_Generation = YES;
				INFOPLIST_KEY_UIApplicationSupportsIndirectInputEvents = YES;
				INFOPLIST_KEY_UISupportedInterfaceOrientations_iPad = "UIInterfaceOrientationPortrait UIInterfaceOrientationPortraitUpsideDown UIInterfaceOrientationLandscapeLeft UIInterfaceOrientationLandscapeRight";
				INFOPLIST_KEY_UISupportedInterfaceOrientations_iPhone = "UIInterfaceOrientationPortrait UIInterfaceOrientationLandscapeLeft UIInterfaceOrientationLandscapeRight";
				LD_RUNPATH_SEARCH_PATHS = (
					"$(inherited)",
					"@executable_path/Frameworks",
				);
				MARKETING_VERSION = 1.0;
				PRODUCT_BUNDLE_IDENTIFIER = "C--.WalletWizard";
				PRODUCT_NAME = "$(TARGET_NAME)";
				SWIFT_EMIT_LOC_STRINGS = YES;
				SWIFT_VERSION = 5.0;
				TARGETED_DEVICE_FAMILY = "1,2";
			};
			name = Release;
		};
/* End XCBuildConfiguration section */

/* Begin XCConfigurationList section */
		CA623A292B54EA5C0009CDEB /* Build configuration list for PBXProject "WalletWizard" */ = {
			isa = XCConfigurationList;
			buildConfigurations = (
				CA623A3A2B54EA5D0009CDEB /* Debug */,
				CA623A3B2B54EA5D0009CDEB /* Release */,
			);
			defaultConfigurationIsVisible = 0;
			defaultConfigurationName = Release;
		};
		CA623A3C2B54EA5D0009CDEB /* Build configuration list for PBXNativeTarget "WalletWizard" */ = {
			isa = XCConfigurationList;
			buildConfigurations = (
				CA623A3D2B54EA5D0009CDEB /* Debug */,
				CA623A3E2B54EA5D0009CDEB /* Release */,
			);
			defaultConfigurationIsVisible = 0;
			defaultConfigurationName = Release;
		};
/* End XCConfigurationList section */

/* Begin XCRemoteSwiftPackageReference section */
		CA623A432B54ECDD0009CDEB /* XCRemoteSwiftPackageReference "PhoneNumberKit" */ = {
			isa = XCRemoteSwiftPackageReference;
			repositoryURL = "https://github.com/marmelroy/PhoneNumberKit.git";
			requirement = {
				kind = upToNextMajorVersion;
				minimumVersion = 3.7.6;
			};
		};
/* End XCRemoteSwiftPackageReference section */

/* Begin XCSwiftPackageProductDependency section */
		CA623A442B54ECDD0009CDEB /* PhoneNumberKit */ = {
			isa = XCSwiftPackageProductDependency;
			package = CA623A432B54ECDD0009CDEB /* XCRemoteSwiftPackageReference "PhoneNumberKit" */;
			productName = PhoneNumberKit;
		};
		CA623A462B54ECDD0009CDEB /* PhoneNumberKit-Dynamic */ = {
			isa = XCSwiftPackageProductDependency;
			package = CA623A432B54ECDD0009CDEB /* XCRemoteSwiftPackageReference "PhoneNumberKit" */;
			productName = "PhoneNumberKit-Dynamic";
		};
		CA623A482B54ECDD0009CDEB /* PhoneNumberKit-Static */ = {
			isa = XCSwiftPackageProductDependency;
			package = CA623A432B54ECDD0009CDEB /* XCRemoteSwiftPackageReference "PhoneNumberKit" */;
			productName = "PhoneNumberKit-Static";
		};
/* End XCSwiftPackageProductDependency section */
	};
	rootObject = CA623A262B54EA5C0009CDEB /* Project object */;
}
